github.com/anvithks/hugo-embed-pdf-shortcode v0.0.0-20230320040603-de797b1a64f9 h1:CQ+ocmfKAgDmA58hTDNOUHM5zPNhWkHvixuc3SH8oYw=
github.com/anvithks/hugo-embed-pdf-shortcode v0.0.0-20230320040603-de797b1a64f9/go.mod h1:GH5n45krznO4ECrqAt45nsj1giB4yuZgTJEmioYeuT8=
github.com/willfaught/paige v0.63.0 h1:bHrP+Ad6KgRjIxEdyZ74txgZ9YpIa6xf8OMiehi4GtM=
github.com/willfaught/paige v0.63.0/go.mod h1:0Nt8ifl7UVYQIBaMtpZmg+BrQHHzFNqKcrBoA2Oo4/E=
